
Microsoft Visual Studio Solution File, Format Version 12.00
# Visual Studio Version 16
VisualStudioVersion = 16.6.30114.105
MinimumVisualStudioVersion = 10.0.40219.1
Project("{9A19103F-16F7-4668-BE54-9A1E7A4F7556}") = "GithubHostCLI", "GithubHostCLI\GithubHostCLI.csproj", "{A09F02DC-4B73-439F-846A-5FAE493FBF4A}"
EndProject
Project("{9A19103F-16F7-4668-BE54-9A1E7A4F7556}") = "test", "test\test.csproj", "{8478AF20-DC75-4052-97C9-9EED26DD36AB}"
EndProject
Project("{9A19103F-16F7-4668-BE54-9A1E7A4F7556}") = "HostsUtils", "HostsUtils\HostsUtils.csproj", "{45AB6C0E-CCA3-4EE5-A1C5-5C0D06CFF365}"
EndProject
Project("{C7167F0D-BC9F-4E6E-AFE1-012C56B48DB5}") = "WapProjTemplate1", "WapProjTemplate1\WapProjTemplate1.wapproj", "{CBC2717D-012A-4B6F-BA42-7913268932A4}"
EndProject
Global
	GlobalSection(SolutionConfigurationPlatforms) = preSolution
		Debug|Any CPU = Debug|Any CPU
		Debug|ARM = Debug|ARM
		Debug|ARM64 = Debug|ARM64
		Debug|x64 = Debug|x64
		Debug|x86 = Debug|x86
		Release|Any CPU = Release|Any CPU
		Release|ARM = Release|ARM
		Release|ARM64 = Release|ARM64
		Release|x64 = Release|x64
		Release|x86 = Release|x86
	EndGlobalSection
	GlobalSection(ProjectConfigurationPlatforms) = postSolution
		{A09F02DC-4B73-439F-846A-5FAE493FBF4A}.Debug|Any CPU.ActiveCfg = Debug|Any CPU
		{A09F02DC-4B73-439F-846A-5FAE493FBF4A}.Debug|Any CPU.Build.0 = Debug|Any CPU
		{A09F02DC-4B73-439F-846A-5FAE493FBF4A}.Debug|ARM.ActiveCfg = Debug|Any CPU
		{A09F02DC-4B73-439F-846A-5FAE493FBF4A}.Debug|ARM.Build.0 = Debug|Any CPU
		{A09F02DC-4B73-439F-846A-5FAE493FBF4A}.Debug|ARM64.ActiveCfg = Debug|Any CPU
		{A09F02DC-4B73-439F-846A-5FAE493FBF4A}.Debug|ARM64.Build.0 = Debug|Any CPU
		{A09F02DC-4B73-439F-846A-5FAE493FBF4A}.Debug|x64.ActiveCfg = Debug|Any CPU
		{A09F02DC-4B73-439F-846A-5FAE493FBF4A}.Debug|x64.Build.0 = Debug|Any CPU
		{A09F02DC-4B73-439F-846A-5FAE493FBF4A}.Debug|x86.ActiveCfg = Debug|Any CPU
		{A09F02DC-4B73-439F-846A-5FAE493FBF4A}.Debug|x86.Build.0 = Debug|Any CPU
		{A09F02DC-4B73-439F-846A-5FAE493FBF4A}.Release|Any CPU.ActiveCfg = Release|Any CPU
		{A09F02DC-4B73-439F-846A-5FAE493FBF4A}.Release|Any CPU.Build.0 = Release|Any CPU
		{A09F02DC-4B73-439F-846A-5FAE493FBF4A}.Release|ARM.ActiveCfg = Release|Any CPU
		{A09F02DC-4B73-439F-846A-5FAE493FBF4A}.Release|ARM.Build.0 = Release|Any CPU
		{A09F02DC-4B73-439F-846A-5FAE493FBF4A}.Release|ARM64.ActiveCfg = Release|Any CPU
		{A09F02DC-4B73-439F-846A-5FAE493FBF4A}.Release|ARM64.Build.0 = Release|Any CPU
		{A09F02DC-4B73-439F-846A-5FAE493FBF4A}.Release|x64.ActiveCfg = Release|Any CPU
		{A09F02DC-4B73-439F-846A-5FAE493FBF4A}.Release|x64.Build.0 = Release|Any CPU
		{A09F02DC-4B73-439F-846A-5FAE493FBF4A}.Release|x86.ActiveCfg = Release|Any CPU
		{A09F02DC-4B73-439F-846A-5FAE493FBF4A}.Release|x86.Build.0 = Release|Any CPU
		{8478AF20-DC75-4052-97C9-9EED26DD36AB}.Debug|Any CPU.ActiveCfg = Debug|Any CPU
		{8478AF20-DC75-4052-97C9-9EED26DD36AB}.Debug|Any CPU.Build.0 = Debug|Any CPU
		{8478AF20-DC75-4052-97C9-9EED26DD36AB}.Debug|ARM.ActiveCfg = Debug|Any CPU
		{8478AF20-DC75-4052-97C9-9EED26DD36AB}.Debug|ARM.Build.0 = Debug|Any CPU
		{8478AF20-DC75-4052-97C9-9EED26DD36AB}.Debug|ARM64.ActiveCfg = Debug|Any CPU
		{8478AF20-DC75-4052-97C9-9EED26DD36AB}.Debug|ARM64.Build.0 = Debug|Any CPU
		{8478AF20-DC75-4052-97C9-9EED26DD36AB}.Debug|x64.ActiveCfg = Debug|Any CPU
		{8478AF20-DC75-4052-97C9-9EED26DD36AB}.Debug|x64.Build.0 = Debug|Any CPU
		{8478AF20-DC75-4052-97C9-9EED26DD36AB}.Debug|x86.ActiveCfg = Debug|Any CPU
		{8478AF20-DC75-4052-97C9-9EED26DD36AB}.Debug|x86.Build.0 = Debug|Any CPU
		{8478AF20-DC75-4052-97C9-9EED26DD36AB}.Release|Any CPU.ActiveCfg = Release|Any CPU
		{8478AF20-DC75-4052-97C9-9EED26DD36AB}.Release|Any CPU.Build.0 = Release|Any CPU
		{8478AF20-DC75-4052-97C9-9EED26DD36AB}.Release|ARM.ActiveCfg = Release|Any CPU
		{8478AF20-DC75-4052-97C9-9EED26DD36AB}.Release|ARM.Build.0 = Release|Any CPU
		{8478AF20-DC75-4052-97C9-9EED26DD36AB}.Release|ARM64.ActiveCfg = Release|Any CPU
		{8478AF20-DC75-4052-97C9-9EED26DD36AB}.Release|ARM64.Build.0 = Release|Any CPU
		{8478AF20-DC75-4052-97C9-9EED26DD36AB}.Release|x64.ActiveCfg = Release|Any CPU
		{8478AF20-DC75-4052-97C9-9EED26DD36AB}.Release|x64.Build.0 = Release|Any CPU
		{8478AF20-DC75-4052-97C9-9EED26DD36AB}.Release|x86.ActiveCfg = Release|Any CPU
		{8478AF20-DC75-4052-97C9-9EED26DD36AB}.Release|x86.Build.0 = Release|Any CPU
		{45AB6C0E-CCA3-4EE5-A1C5-5C0D06CFF365}.Debug|Any CPU.ActiveCfg = Debug|Any CPU
		{45AB6C0E-CCA3-4EE5-A1C5-5C0D06CFF365}.Debug|Any CPU.Build.0 = Debug|Any CPU
		{45AB6C0E-CCA3-4EE5-A1C5-5C0D06CFF365}.Debug|ARM.ActiveCfg = Debug|Any CPU
		{45AB6C0E-CCA3-4EE5-A1C5-5C0D06CFF365}.Debug|ARM.Build.0 = Debug|Any CPU
		{45AB6C0E-CCA3-4EE5-A1C5-5C0D06CFF365}.Debug|ARM64.ActiveCfg = Debug|Any CPU
		{45AB6C0E-CCA3-4EE5-A1C5-5C0D06CFF365}.Debug|ARM64.Build.0 = Debug|Any CPU
		{45AB6C0E-CCA3-4EE5-A1C5-5C0D06CFF365}.Debug|x64.ActiveCfg = Debug|Any CPU
		{45AB6C0E-CCA3-4EE5-A1C5-5C0D06CFF365}.Debug|x64.Build.0 = Debug|Any CPU
		{45AB6C0E-CCA3-4EE5-A1C5-5C0D06CFF365}.Debug|x86.ActiveCfg = Debug|Any CPU
		{45AB6C0E-CCA3-4EE5-A1C5-5C0D06CFF365}.Debug|x86.Build.0 = Debug|Any CPU
		{45AB6C0E-CCA3-4EE5-A1C5-5C0D06CFF365}.Release|Any CPU.ActiveCfg = Release|Any CPU
		{45AB6C0E-CCA3-4EE5-A1C5-5C0D06CFF365}.Release|Any CPU.Build.0 = Release|Any CPU
		{45AB6C0E-CCA3-4EE5-A1C5-5C0D06CFF365}.Release|ARM.ActiveCfg = Release|Any CPU
		{45AB6C0E-CCA3-4EE5-A1C5-5C0D06CFF365}.Release|ARM.Build.0 = Release|Any CPU
		{45AB6C0E-CCA3-4EE5-A1C5-5C0D06CFF365}.Release|ARM64.ActiveCfg = Release|Any CPU
		{45AB6C0E-CCA3-4EE5-A1C5-5C0D06CFF365}.Release|ARM64.Build.0 = Release|Any CPU
		{45AB6C0E-CCA3-4EE5-A1C5-5C0D06CFF365}.Release|x64.ActiveCfg = Release|Any CPU
		{45AB6C0E-CCA3-4EE5-A1C5-5C0D06CFF365}.Release|x64.Build.0 = Release|Any CPU
		{45AB6C0E-CCA3-4EE5-A1C5-5C0D06CFF365}.Release|x86.ActiveCfg = Release|Any CPU
		{45AB6C0E-CCA3-4EE5-A1C5-5C0D06CFF365}.Release|x86.Build.0 = Release|Any CPU
		{CBC2717D-012A-4B6F-BA42-7913268932A4}.Debug|Any CPU.ActiveCfg = Debug|Any CPU
		{CBC2717D-012A-4B6F-BA42-7913268932A4}.Debug|Any CPU.Build.0 = Debug|Any CPU
		{CBC2717D-012A-4B6F-BA42-7913268932A4}.Debug|Any CPU.Deploy.0 = Debug|Any CPU
		{CBC2717D-012A-4B6F-BA42-7913268932A4}.Debug|ARM.ActiveCfg = Debug|ARM
		{CBC2717D-012A-4B6F-BA42-7913268932A4}.Debug|ARM.Build.0 = Debug|ARM
		{CBC2717D-012A-4B6F-BA42-7913268932A4}.Debug|ARM.Deploy.0 = Debug|ARM
		{CBC2717D-012A-4B6F-BA42-7913268932A4}.Debug|ARM64.ActiveCfg = Debug|ARM64
		{CBC2717D-012A-4B6F-BA42-7913268932A4}.Debug|ARM64.Build.0 = Debug|ARM64
		{CBC2717D-012A-4B6F-BA42-7913268932A4}.Debug|ARM64.Deploy.0 = Debug|ARM64
		{CBC2717D-012A-4B6F-BA42-7913268932A4}.Debug|x64.ActiveCfg = Debug|x64
		{CBC2717D-012A-4B6F-BA42-7913268932A4}.Debug|x64.Build.0 = Debug|x64
		{CBC2717D-012A-4B6F-BA42-7913268932A4}.Debug|x64.Deploy.0 = Debug|x64
		{CBC2717D-012A-4B6F-BA42-7913268932A4}.Debug|x86.ActiveCfg = Debug|x86
		{CBC2717D-012A-4B6F-BA42-7913268932A4}.Debug|x86.Build.0 = Debug|x86
		{CBC2717D-012A-4B6F-BA42-7913268932A4}.Debug|x86.Deploy.0 = Debug|x86
		{CBC2717D-012A-4B6F-BA42-7913268932A4}.Release|Any CPU.ActiveCfg = Release|Any CPU
		{CBC2717D-012A-4B6F-BA42-7913268932A4}.Release|Any CPU.Build.0 = Release|Any CPU
		{CBC2717D-012A-4B6F-BA42-7913268932A4}.Release|Any CPU.Deploy.0 = Release|Any CPU
		{CBC2717D-012A-4B6F-BA42-7913268932A4}.Release|ARM.ActiveCfg = Release|ARM
		{CBC2717D-012A-4B6F-BA42-7913268932A4}.Release|ARM.Build.0 = Release|ARM
		{CBC2717D-012A-4B6F-BA42-7913268932A4}.Release|ARM.Deploy.0 = Release|ARM
		{CBC2717D-012A-4B6F-BA42-7913268932A4}.Release|ARM64.ActiveCfg = Release|ARM64
		{CBC2717D-012A-4B6F-BA42-7913268932A4}.Release|ARM64.Build.0 = Release|ARM64
		{CBC2717D-012A-4B6F-BA42-7913268932A4}.Release|ARM64.Deploy.0 = Release|ARM64
		{CBC2717D-012A-4B6F-BA42-7913268932A4}.Release|x64.ActiveCfg = Release|x64
		{CBC2717D-012A-4B6F-BA42-7913268932A4}.Release|x64.Build.0 = Release|x64
		{CBC2717D-012A-4B6F-BA42-7913268932A4}.Release|x64.Deploy.0 = Release|x64
		{CBC2717D-012A-4B6F-BA42-7913268932A4}.Release|x86.ActiveCfg = Release|x86
		{CBC2717D-012A-4B6F-BA42-7913268932A4}.Release|x86.Build.0 = Release|x86
		{CBC2717D-012A-4B6F-BA42-7913268932A4}.Release|x86.Deploy.0 = Release|x86
	EndGlobalSection
	GlobalSection(SolutionProperties) = preSolution
		HideSolutionNode = FALSE
	EndGlobalSection
	GlobalSection(ExtensibilityGlobals) = postSolution
		SolutionGuid = {1F24AF33-F943-4F3A-A601-2B2FADFF4818}
	EndGlobalSection
EndGlobal
